
Microsoft Visual Studio Solution File, Format Version 12.00
Project("{FAE04EC0-301F-11D3-BF4B-00C04F79EFBC}") = "WebApi", "WebApi\WebApi.csproj", "{039AA155-B3E1-4046-A1CB-12F5DD8C7F1E}"
EndProject
Project("{FAE04EC0-301F-11D3-BF4B-00C04F79EFBC}") = "Dal", "Dal\Dal.csproj", "{1E9A41CA-59E6-4135-8CD3-F48612445A66}"
EndProject
Project("{FAE04EC0-301F-11D3-BF4B-00C04F79EFBC}") = "Application", "Application\Application.csproj", "{D6B881FE-4D3B-493C-9E81-7F0077B15522}"
EndProject
Project("{FAE04EC0-301F-11D3-BF4B-00C04F79EFBC}") = "Domain", "Domain\Domain.csproj", "{EA9AC1C1-0E71-463E-B082-107A91389747}"
EndProject
Global
	GlobalSection(SolutionConfigurationPlatforms) = preSolution
		Debug|Any CPU = Debug|Any CPU
		Release|Any CPU = Release|Any CPU
	EndGlobalSection
	GlobalSection(ProjectConfigurationPlatforms) = postSolution
		{039AA155-B3E1-4046-A1CB-12F5DD8C7F1E}.Debug|Any CPU.ActiveCfg = Debug|Any CPU
		{039AA155-B3E1-4046-A1CB-12F5DD8C7F1E}.Debug|Any CPU.Build.0 = Debug|Any CPU
		{039AA155-B3E1-4046-A1CB-12F5DD8C7F1E}.Release|Any CPU.ActiveCfg = Release|Any CPU
		{039AA155-B3E1-4046-A1CB-12F5DD8C7F1E}.Release|Any CPU.Build.0 = Release|Any CPU
		{1E9A41CA-59E6-4135-8CD3-F48612445A66}.Debug|Any CPU.ActiveCfg = Debug|Any CPU
		{1E9A41CA-59E6-4135-8CD3-F48612445A66}.Debug|Any CPU.Build.0 = Debug|Any CPU
		{1E9A41CA-59E6-4135-8CD3-F48612445A66}.Release|Any CPU.ActiveCfg = Release|Any CPU
		{1E9A41CA-59E6-4135-8CD3-F48612445A66}.Release|Any CPU.Build.0 = Release|Any CPU
		{D6B881FE-4D3B-493C-9E81-7F0077B15522}.Debug|Any CPU.ActiveCfg = Debug|Any CPU
		{D6B881FE-4D3B-493C-9E81-7F0077B15522}.Debug|Any CPU.Build.0 = Debug|Any CPU
		{D6B881FE-4D3B-493C-9E81-7F0077B15522}.Release|Any CPU.ActiveCfg = Release|Any CPU
		{D6B881FE-4D3B-493C-9E81-7F0077B15522}.Release|Any CPU.Build.0 = Release|Any CPU
		{EA9AC1C1-0E71-463E-B082-107A91389747}.Debug|Any CPU.ActiveCfg = Debug|Any CPU
		{EA9AC1C1-0E71-463E-B082-107A91389747}.Debug|Any CPU.Build.0 = Debug|Any CPU
		{EA9AC1C1-0E71-463E-B082-107A91389747}.Release|Any CPU.ActiveCfg = Release|Any CPU
		{EA9AC1C1-0E71-463E-B082-107A91389747}.Release|Any CPU.Build.0 = Release|Any CPU
	EndGlobalSection
EndGlobal
